
Microsoft Visual Studio Solution File, Format Version 12.00
# Visual Studio Version 17
VisualStudioVersion = 17.13.35825.156 d17.13
MinimumVisualStudioVersion = 10.0.40219.1
Project("{FAE04EC0-301F-11D3-BF4B-00C04F79EFBC}") = "AppointmentSystemServer.Domain", "AppointmentSystemServer.Domain\AppointmentSystemServer.Domain.csproj", "{6171CD44-AE0C-4260-BF69-DDEF0A012D84}"
EndProject
Global
	GlobalSection(SolutionConfigurationPlatforms) = preSolution
		Debug|Any CPU = Debug|Any CPU
		Release|Any CPU = Release|Any CPU
	EndGlobalSection
	GlobalSection(ProjectConfigurationPlatforms) = postSolution
		{6171CD44-AE0C-4260-BF69-DDEF0A012D84}.Debug|Any CPU.ActiveCfg = Debug|Any CPU
		{6171CD44-AE0C-4260-BF69-DDEF0A012D84}.Debug|Any CPU.Build.0 = Debug|Any CPU
		{6171CD44-AE0C-4260-BF69-DDEF0A012D84}.Release|Any CPU.ActiveCfg = Release|Any CPU
		{6171CD44-AE0C-4260-BF69-DDEF0A012D84}.Release|Any CPU.Build.0 = Release|Any CPU
	EndGlobalSection
	GlobalSection(SolutionProperties) = preSolution
		HideSolutionNode = FALSE
	EndGlobalSection
	GlobalSection(ExtensibilityGlobals) = postSolution
		SolutionGuid = {FEC0A3F3-FF11-4286-91E9-E7B26177A0A1}
	EndGlobalSection
EndGlobal
